# This file was autogenerated by Stack.
# You should not edit this file by hand.
# For more information, please see the documentation at:
#   https://docs.haskellstack.org/en/stable/lock_files

packages:
- completed:
    hackage: dates-0.2.3.2@sha256:ba1534b90fa24e11becec3b3d8564198144591ddff6f4a472c8b153bc665309f,2311
    pantry-tree:
      size: 443
      sha256: 66742a11fd1eb1b1c287a0d82630db2bb23716b19203b0d4fb4bf69dee35e39f
  original:
    hackage: dates-0.2.3.2
- completed:
    hackage: libssh2-0.2.0.5@sha256:d5f539284cef5140f56d736f65babfd93941351a23fbb8d29f31f745e81958a4,3022
    pantry-tree:
      size: 889
      sha256: 00c68cc24afc8985d1b284f1a64750885aeeaef88e0db0718657dc8a7a05e886
  original:
    hackage: libssh2-0.2.0.5
- completed:
    hackage: localize-0.2.0.1@sha256:da7ce5ca63d413307ecb0739bd17855ce86844ab21f8e9310fe02e402cdc0b9e,1581
    pantry-tree:
      size: 569
      sha256: f96b516617265279f596c4668ec3476f764519ab95a4fe527a26d6d6cedcbc9e
  original:
    hackage: localize-0.2.0.1
- completed:
    hackage: haskell-gettext-0.1.2.0@sha256:e16fc0521aa6cd53febb7916b178c43afcc7ea7c93cb70818f4ded6cc3cdad98,2930
    pantry-tree:
      size: 579
      sha256: a9a2f74cc9c969be0a5e84fd39190358d9de451d97bc995d3379bcb0b627067a
  original:
    hackage: haskell-gettext-0.1.2.0
- completed:
    hackage: text-format-heavy-0.1.5.3@sha256:abbc5f0c4883328df4058cf2145820eaf41c35d1af9cdacc50fc2e4c2bd15dda,2755
    pantry-tree:
      size: 1256
      sha256: a26845b08d0d78894b1df747eceb3907515e9be208dd239c4a8083e7f6bf804e
  original:
    hackage: text-format-heavy-0.1.5.3
- completed:
    hackage: heavy-logger-0.3.2.2@sha256:f117c45c325f95303e60eb66d44bff451b1fbbeb730b366ce589f34df7f0db2d,2542
    pantry-tree:
      size: 1212
      sha256: 73a31abbdedeb751d7d0e9e3b6194268be2b9c10337fa43a1d940ea2e151b17c
  original:
    hackage: heavy-logger-0.3.2.2
- completed:
    name: linode-openapi
    version: 0.1.0.0
    git: git@github.com:portnov/linode-openapi-hs.git
    pantry-tree:
      size: 41497
      sha256: fc5f5fe0bc28e34f3599a4ae41a052e507e1657f3e297885e8d3d3047cbcfb9e
    commit: 366ebbf46bcf8f2bc1f2fa477ee1ec83b22c6adf
  original:
    git: git@github.com:portnov/linode-openapi-hs.git
    commit: 366ebbf46bcf8f2bc1f2fa477ee1ec83b22c6adf
snapshots:
- completed:
    size: 586286
    url: https://raw.githubusercontent.com/commercialhaskell/stackage-snapshots/master/lts/18/16.yaml
    sha256: cdead65fca0323144b346c94286186f4969bf85594d649c49c7557295675d8a5
  original: lts-18.16
